
Microsoft Visual Studio Solution File, Format Version 12.00
# Visual Studio Version 16
VisualStudioVersion = 16.0.31410.357
MinimumVisualStudioVersion = 10.0.40219.1
Project("{FAE04EC0-301F-11D3-BF4B-00C04F79EFBC}") = "Composição", "Composição\Composição.csproj", "{18663F03-F8E7-4EDA-B6B3-7CC2A9A654BA}"
EndProject
Global
	GlobalSection(SolutionConfigurationPlatforms) = preSolution
		Debug|Any CPU = Debug|Any CPU
		Release|Any CPU = Release|Any CPU
	EndGlobalSection
	GlobalSection(ProjectConfigurationPlatforms) = postSolution
		{18663F03-F8E7-4EDA-B6B3-7CC2A9A654BA}.Debug|Any CPU.ActiveCfg = Debug|Any CPU
		{18663F03-F8E7-4EDA-B6B3-7CC2A9A654BA}.Debug|Any CPU.Build.0 = Debug|Any CPU
		{18663F03-F8E7-4EDA-B6B3-7CC2A9A654BA}.Release|Any CPU.ActiveCfg = Release|Any CPU
		{18663F03-F8E7-4EDA-B6B3-7CC2A9A654BA}.Release|Any CPU.Build.0 = Release|Any CPU
	EndGlobalSection
	GlobalSection(SolutionProperties) = preSolution
		HideSolutionNode = FALSE
	EndGlobalSection
	GlobalSection(ExtensibilityGlobals) = postSolution
		SolutionGuid = {061C21D3-DA23-40DB-92E8-487A3F153C89}
	EndGlobalSection
EndGlobal
