
Microsoft Visual Studio Solution File, Format Version 12.00
# Visual Studio Version 16
VisualStudioVersion = 16.0.31410.357
MinimumVisualStudioVersion = 10.0.40219.1
Project("{FAE04EC0-301F-11D3-BF4B-00C04F79EFBC}") = "FileStreamS", "FileStreamS\FileStreamS.csproj", "{E25BC1F8-2AB6-4900-B736-AD870A984C6F}"
EndProject
Global
	GlobalSection(SolutionConfigurationPlatforms) = preSolution
		Debug|Any CPU = Debug|Any CPU
		Release|Any CPU = Release|Any CPU
	EndGlobalSection
	GlobalSection(ProjectConfigurationPlatforms) = postSolution
		{E25BC1F8-2AB6-4900-B736-AD870A984C6F}.Debug|Any CPU.ActiveCfg = Debug|Any CPU
		{E25BC1F8-2AB6-4900-B736-AD870A984C6F}.Debug|Any CPU.Build.0 = Debug|Any CPU
		{E25BC1F8-2AB6-4900-B736-AD870A984C6F}.Release|Any CPU.ActiveCfg = Release|Any CPU
		{E25BC1F8-2AB6-4900-B736-AD870A984C6F}.Release|Any CPU.Build.0 = Release|Any CPU
	EndGlobalSection
	GlobalSection(SolutionProperties) = preSolution
		HideSolutionNode = FALSE
	EndGlobalSection
	GlobalSection(ExtensibilityGlobals) = postSolution
		SolutionGuid = {E15BB36D-D67E-4CAD-9E0F-1F738ED0653E}
	EndGlobalSection
EndGlobal
