
Microsoft Visual Studio Solution File, Format Version 12.00
# Visual Studio Version 16
VisualStudioVersion = 16.0.31410.357
MinimumVisualStudioVersion = 10.0.40219.1
Project("{FAE04EC0-301F-11D3-BF4B-00C04F79EFBC}") = "UsingBlock", "UsingBlock\UsingBlock.csproj", "{48A3878A-4146-4CA7-BB68-5E0AB7C67FAC}"
EndProject
Project("{FAE04EC0-301F-11D3-BF4B-00C04F79EFBC}") = "StreamWriterr", "StreamWriterr\StreamWriterr.csproj", "{C437B624-4ECC-4714-BCE3-FEADFADDE1F8}"
EndProject
Project("{FAE04EC0-301F-11D3-BF4B-00C04F79EFBC}") = "Diretorio", "Diretorio\Diretorio.csproj", "{F32D4430-240D-4327-BDFB-FC453C276EAF}"
EndProject
Project("{FAE04EC0-301F-11D3-BF4B-00C04F79EFBC}") = "ClassePath", "ClassePath\ClassePath.csproj", "{81AF7A65-83A6-49E3-8EF5-2902A037558A}"
EndProject
Global
	GlobalSection(SolutionConfigurationPlatforms) = preSolution
		Debug|Any CPU = Debug|Any CPU
		Release|Any CPU = Release|Any CPU
	EndGlobalSection
	GlobalSection(ProjectConfigurationPlatforms) = postSolution
		{48A3878A-4146-4CA7-BB68-5E0AB7C67FAC}.Debug|Any CPU.ActiveCfg = Debug|Any CPU
		{48A3878A-4146-4CA7-BB68-5E0AB7C67FAC}.Debug|Any CPU.Build.0 = Debug|Any CPU
		{48A3878A-4146-4CA7-BB68-5E0AB7C67FAC}.Release|Any CPU.ActiveCfg = Release|Any CPU
		{48A3878A-4146-4CA7-BB68-5E0AB7C67FAC}.Release|Any CPU.Build.0 = Release|Any CPU
		{C437B624-4ECC-4714-BCE3-FEADFADDE1F8}.Debug|Any CPU.ActiveCfg = Debug|Any CPU
		{C437B624-4ECC-4714-BCE3-FEADFADDE1F8}.Debug|Any CPU.Build.0 = Debug|Any CPU
		{C437B624-4ECC-4714-BCE3-FEADFADDE1F8}.Release|Any CPU.ActiveCfg = Release|Any CPU
		{C437B624-4ECC-4714-BCE3-FEADFADDE1F8}.Release|Any CPU.Build.0 = Release|Any CPU
		{F32D4430-240D-4327-BDFB-FC453C276EAF}.Debug|Any CPU.ActiveCfg = Debug|Any CPU
		{F32D4430-240D-4327-BDFB-FC453C276EAF}.Debug|Any CPU.Build.0 = Debug|Any CPU
		{F32D4430-240D-4327-BDFB-FC453C276EAF}.Release|Any CPU.ActiveCfg = Release|Any CPU
		{F32D4430-240D-4327-BDFB-FC453C276EAF}.Release|Any CPU.Build.0 = Release|Any CPU
		{81AF7A65-83A6-49E3-8EF5-2902A037558A}.Debug|Any CPU.ActiveCfg = Debug|Any CPU
		{81AF7A65-83A6-49E3-8EF5-2902A037558A}.Debug|Any CPU.Build.0 = Debug|Any CPU
		{81AF7A65-83A6-49E3-8EF5-2902A037558A}.Release|Any CPU.ActiveCfg = Release|Any CPU
		{81AF7A65-83A6-49E3-8EF5-2902A037558A}.Release|Any CPU.Build.0 = Release|Any CPU
	EndGlobalSection
	GlobalSection(SolutionProperties) = preSolution
		HideSolutionNode = FALSE
	EndGlobalSection
	GlobalSection(ExtensibilityGlobals) = postSolution
		SolutionGuid = {820F7F8B-7AA7-4304-B7EC-34D72E8CA281}
	EndGlobalSection
EndGlobal
