
Microsoft Visual Studio Solution File, Format Version 12.00
# Visual Studio Version 17
VisualStudioVersion = 17.1.32421.90
MinimumVisualStudioVersion = 10.0.40219.1
Project("{FAE04EC0-301F-11D3-BF4B-00C04F79EFBC}") = "Goto", "Goto\Goto.csproj", "{564E7A53-6370-4385-BD3A-411E4903855F}"
EndProject
Global
	GlobalSection(SolutionConfigurationPlatforms) = preSolution
		Debug|Any CPU = Debug|Any CPU
		Release|Any CPU = Release|Any CPU
	EndGlobalSection
	GlobalSection(ProjectConfigurationPlatforms) = postSolution
		{564E7A53-6370-4385-BD3A-411E4903855F}.Debug|Any CPU.ActiveCfg = Debug|Any CPU
		{564E7A53-6370-4385-BD3A-411E4903855F}.Debug|Any CPU.Build.0 = Debug|Any CPU
		{564E7A53-6370-4385-BD3A-411E4903855F}.Release|Any CPU.ActiveCfg = Release|Any CPU
		{564E7A53-6370-4385-BD3A-411E4903855F}.Release|Any CPU.Build.0 = Release|Any CPU
	EndGlobalSection
	GlobalSection(SolutionProperties) = preSolution
		HideSolutionNode = FALSE
	EndGlobalSection
	GlobalSection(ExtensibilityGlobals) = postSolution
		SolutionGuid = {13FD2D17-572A-44CF-8AC5-EC4E674C62C3}
	EndGlobalSection
EndGlobal
