
Microsoft Visual Studio Solution File, Format Version 12.00
# Visual Studio Version 16
VisualStudioVersion = 16.0.31410.357
MinimumVisualStudioVersion = 10.0.40219.1
Project("{FAE04EC0-301F-11D3-BF4B-00C04F79EFBC}") = "File", "File\File.csproj", "{B49E5A48-40AE-4C3E-A10C-A7D20342F653}"
EndProject
Global
	GlobalSection(SolutionConfigurationPlatforms) = preSolution
		Debug|Any CPU = Debug|Any CPU
		Release|Any CPU = Release|Any CPU
	EndGlobalSection
	GlobalSection(ProjectConfigurationPlatforms) = postSolution
		{B49E5A48-40AE-4C3E-A10C-A7D20342F653}.Debug|Any CPU.ActiveCfg = Debug|Any CPU
		{B49E5A48-40AE-4C3E-A10C-A7D20342F653}.Debug|Any CPU.Build.0 = Debug|Any CPU
		{B49E5A48-40AE-4C3E-A10C-A7D20342F653}.Release|Any CPU.ActiveCfg = Release|Any CPU
		{B49E5A48-40AE-4C3E-A10C-A7D20342F653}.Release|Any CPU.Build.0 = Release|Any CPU
	EndGlobalSection
	GlobalSection(SolutionProperties) = preSolution
		HideSolutionNode = FALSE
	EndGlobalSection
	GlobalSection(ExtensibilityGlobals) = postSolution
		SolutionGuid = {FDE57580-6FC2-4C18-A244-9E62E199C623}
	EndGlobalSection
EndGlobal
