
Microsoft Visual Studio Solution File, Format Version 12.00
# Visual Studio Version 16
VisualStudioVersion = 16.0.31410.357
MinimumVisualStudioVersion = 10.0.40219.1
Project("{FAE04EC0-301F-11D3-BF4B-00C04F79EFBC}") = "CompT", "CompT\CompT.csproj", "{A3082A46-EECB-491C-89BD-DAC718DB21E6}"
EndProject
Global
	GlobalSection(SolutionConfigurationPlatforms) = preSolution
		Debug|Any CPU = Debug|Any CPU
		Release|Any CPU = Release|Any CPU
	EndGlobalSection
	GlobalSection(ProjectConfigurationPlatforms) = postSolution
		{A3082A46-EECB-491C-89BD-DAC718DB21E6}.Debug|Any CPU.ActiveCfg = Debug|Any CPU
		{A3082A46-EECB-491C-89BD-DAC718DB21E6}.Debug|Any CPU.Build.0 = Debug|Any CPU
		{A3082A46-EECB-491C-89BD-DAC718DB21E6}.Release|Any CPU.ActiveCfg = Release|Any CPU
		{A3082A46-EECB-491C-89BD-DAC718DB21E6}.Release|Any CPU.Build.0 = Release|Any CPU
	EndGlobalSection
	GlobalSection(SolutionProperties) = preSolution
		HideSolutionNode = FALSE
	EndGlobalSection
	GlobalSection(ExtensibilityGlobals) = postSolution
		SolutionGuid = {C35DF1C1-118A-43EC-9786-8B2C2D559753}
	EndGlobalSection
EndGlobal
