
Microsoft Visual Studio Solution File, Format Version 12.00
# Visual Studio Version 16
VisualStudioVersion = 16.0.31229.75
MinimumVisualStudioVersion = 10.0.40219.1
Project("{FAE04EC0-301F-11D3-BF4B-00C04F79EFBC}") = "TopicosEspeciais", "TopicosEspeciais\TopicosEspeciais.csproj", "{C090098A-D4B4-4D1B-B8ED-1DF9F2F66AAC}"
EndProject
Global
	GlobalSection(SolutionConfigurationPlatforms) = preSolution
		Debug|Any CPU = Debug|Any CPU
		Release|Any CPU = Release|Any CPU
	EndGlobalSection
	GlobalSection(ProjectConfigurationPlatforms) = postSolution
		{C090098A-D4B4-4D1B-B8ED-1DF9F2F66AAC}.Debug|Any CPU.ActiveCfg = Debug|Any CPU
		{C090098A-D4B4-4D1B-B8ED-1DF9F2F66AAC}.Debug|Any CPU.Build.0 = Debug|Any CPU
		{C090098A-D4B4-4D1B-B8ED-1DF9F2F66AAC}.Release|Any CPU.ActiveCfg = Release|Any CPU
		{C090098A-D4B4-4D1B-B8ED-1DF9F2F66AAC}.Release|Any CPU.Build.0 = Release|Any CPU
	EndGlobalSection
	GlobalSection(SolutionProperties) = preSolution
		HideSolutionNode = FALSE
	EndGlobalSection
	GlobalSection(ExtensibilityGlobals) = postSolution
		SolutionGuid = {0E3391B4-1841-454F-9EB3-101CB0666A7B}
	EndGlobalSection
EndGlobal
