
Microsoft Visual Studio Solution File, Format Version 12.00
# Visual Studio Version 16
VisualStudioVersion = 16.0.31402.337
MinimumVisualStudioVersion = 10.0.40219.1
Project("{9A19103F-16F7-4668-BE54-9A1E7A4F7556}") = "Curso.api", "Curso.api\Curso.api.csproj", "{C92A47A9-D8A3-426D-BDB6-B663E844E5EE}"
EndProject
Global
	GlobalSection(SolutionConfigurationPlatforms) = preSolution
		Debug|Any CPU = Debug|Any CPU
		Release|Any CPU = Release|Any CPU
	EndGlobalSection
	GlobalSection(ProjectConfigurationPlatforms) = postSolution
		{C92A47A9-D8A3-426D-BDB6-B663E844E5EE}.Debug|Any CPU.ActiveCfg = Debug|Any CPU
		{C92A47A9-D8A3-426D-BDB6-B663E844E5EE}.Debug|Any CPU.Build.0 = Debug|Any CPU
		{C92A47A9-D8A3-426D-BDB6-B663E844E5EE}.Release|Any CPU.ActiveCfg = Release|Any CPU
		{C92A47A9-D8A3-426D-BDB6-B663E844E5EE}.Release|Any CPU.Build.0 = Release|Any CPU
	EndGlobalSection
	GlobalSection(SolutionProperties) = preSolution
		HideSolutionNode = FALSE
	EndGlobalSection
	GlobalSection(ExtensibilityGlobals) = postSolution
		SolutionGuid = {F29C892E-6065-4F6F-B6D2-45147E85AD81}
	EndGlobalSection
EndGlobal
