
Microsoft Visual Studio Solution File, Format Version 12.00
# Visual Studio Version 17
VisualStudioVersion = 17.0.31410.414
MinimumVisualStudioVersion = 10.0.40219.1
Project("{FAE04EC0-301F-11D3-BF4B-00C04F79EFBC}") = "TiposEnumerados", "TiposEnumerados\TiposEnumerados.csproj", "{F9EA67D2-356F-4CE5-9B88-1D9F48CE4800}"
EndProject
Global
	GlobalSection(SolutionConfigurationPlatforms) = preSolution
		Debug|Any CPU = Debug|Any CPU
		Release|Any CPU = Release|Any CPU
	EndGlobalSection
	GlobalSection(ProjectConfigurationPlatforms) = postSolution
		{F9EA67D2-356F-4CE5-9B88-1D9F48CE4800}.Debug|Any CPU.ActiveCfg = Debug|Any CPU
		{F9EA67D2-356F-4CE5-9B88-1D9F48CE4800}.Debug|Any CPU.Build.0 = Debug|Any CPU
		{F9EA67D2-356F-4CE5-9B88-1D9F48CE4800}.Release|Any CPU.ActiveCfg = Release|Any CPU
		{F9EA67D2-356F-4CE5-9B88-1D9F48CE4800}.Release|Any CPU.Build.0 = Release|Any CPU
	EndGlobalSection
	GlobalSection(SolutionProperties) = preSolution
		HideSolutionNode = FALSE
	EndGlobalSection
	GlobalSection(ExtensibilityGlobals) = postSolution
		SolutionGuid = {29AFD722-75A9-407B-917F-67F03CB12507}
	EndGlobalSection
EndGlobal
