
Microsoft Visual Studio Solution File, Format Version 12.00
# Visual Studio Version 17
VisualStudioVersion = 17.1.32421.90
MinimumVisualStudioVersion = 10.0.40219.1
Project("{FAE04EC0-301F-11D3-BF4B-00C04F79EFBC}") = "Interface", "Interface.csproj", "{63E51221-5AE1-49B6-AF0A-08DDD670A2EE}"
EndProject
Global
	GlobalSection(SolutionConfigurationPlatforms) = preSolution
		Debug|Any CPU = Debug|Any CPU
		Release|Any CPU = Release|Any CPU
	EndGlobalSection
	GlobalSection(ProjectConfigurationPlatforms) = postSolution
		{63E51221-5AE1-49B6-AF0A-08DDD670A2EE}.Debug|Any CPU.ActiveCfg = Debug|Any CPU
		{63E51221-5AE1-49B6-AF0A-08DDD670A2EE}.Debug|Any CPU.Build.0 = Debug|Any CPU
		{63E51221-5AE1-49B6-AF0A-08DDD670A2EE}.Release|Any CPU.ActiveCfg = Release|Any CPU
		{63E51221-5AE1-49B6-AF0A-08DDD670A2EE}.Release|Any CPU.Build.0 = Release|Any CPU
	EndGlobalSection
	GlobalSection(SolutionProperties) = preSolution
		HideSolutionNode = FALSE
	EndGlobalSection
	GlobalSection(ExtensibilityGlobals) = postSolution
		SolutionGuid = {C739B936-3238-4DE6-BB0B-9BD3B52B9075}
	EndGlobalSection
EndGlobal
